
Microsoft Visual Studio Solution File, Format Version 12.00
# Visual Studio Version 16
VisualStudioVersion = 16.0.28729.10
MinimumVisualStudioVersion = 10.0.40219.1
Project("{9A19103F-16F7-4668-BE54-9A1E7A4F7556}") = "pro", "pro.csproj", "{4F24C0D7-A01D-4976-9C51-08B702321C83}"
EndProject
Global
	GlobalSection(SolutionConfigurationPlatforms) = preSolution
		Debug|Any CPU = Debug|Any CPU
		Release|Any CPU = Release|Any CPU
	EndGlobalSection
	GlobalSection(ProjectConfigurationPlatforms) = postSolution
		{4F24C0D7-A01D-4976-9C51-08B702321C83}.Debug|Any CPU.ActiveCfg = Debug|Any CPU
		{4F24C0D7-A01D-4976-9C51-08B702321C83}.Debug|Any CPU.Build.0 = Debug|Any CPU
		{4F24C0D7-A01D-4976-9C51-08B702321C83}.Release|Any CPU.ActiveCfg = Release|Any CPU
		{4F24C0D7-A01D-4976-9C51-08B702321C83}.Release|Any CPU.Build.0 = Release|Any CPU
	EndGlobalSection
	GlobalSection(SolutionProperties) = preSolution
		HideSolutionNode = FALSE
	EndGlobalSection
	GlobalSection(ExtensibilityGlobals) = postSolution
		SolutionGuid = {D13C9980-AB28-4315-8AA7-7DF66A8D01A7}
	EndGlobalSection
EndGlobal
